
Microsoft Visual Studio Solution File, Format Version 12.00
Project("{FAE04EC0-301F-11D3-BF4B-00C04F79EFBC}") = "TcpClient", "TcpClient\TcpClient.csproj", "{655731CC-91F9-41C4-9CD5-F53F5D64DA3D}"
EndProject
Project("{FAE04EC0-301F-11D3-BF4B-00C04F79EFBC}") = "Core", "Core\Core.csproj", "{EFE92E8C-632B-4543-9EAD-DF4C10856953}"
EndProject
Project("{FAE04EC0-301F-11D3-BF4B-00C04F79EFBC}") = "TcpServer", "TcpServer\TcpServer.csproj", "{0E07DB49-9EB2-4547-9522-7AE11C7DBC05}"
EndProject
Global
	GlobalSection(SolutionConfigurationPlatforms) = preSolution
		Debug|Any CPU = Debug|Any CPU
		Release|Any CPU = Release|Any CPU
	EndGlobalSection
	GlobalSection(ProjectConfigurationPlatforms) = postSolution
		{655731CC-91F9-41C4-9CD5-F53F5D64DA3D}.Debug|Any CPU.ActiveCfg = Debug|Any CPU
		{655731CC-91F9-41C4-9CD5-F53F5D64DA3D}.Debug|Any CPU.Build.0 = Debug|Any CPU
		{655731CC-91F9-41C4-9CD5-F53F5D64DA3D}.Release|Any CPU.ActiveCfg = Release|Any CPU
		{655731CC-91F9-41C4-9CD5-F53F5D64DA3D}.Release|Any CPU.Build.0 = Release|Any CPU
		{EFE92E8C-632B-4543-9EAD-DF4C10856953}.Debug|Any CPU.ActiveCfg = Debug|Any CPU
		{EFE92E8C-632B-4543-9EAD-DF4C10856953}.Debug|Any CPU.Build.0 = Debug|Any CPU
		{EFE92E8C-632B-4543-9EAD-DF4C10856953}.Release|Any CPU.ActiveCfg = Release|Any CPU
		{EFE92E8C-632B-4543-9EAD-DF4C10856953}.Release|Any CPU.Build.0 = Release|Any CPU
		{0E07DB49-9EB2-4547-9522-7AE11C7DBC05}.Debug|Any CPU.ActiveCfg = Debug|Any CPU
		{0E07DB49-9EB2-4547-9522-7AE11C7DBC05}.Debug|Any CPU.Build.0 = Debug|Any CPU
		{0E07DB49-9EB2-4547-9522-7AE11C7DBC05}.Release|Any CPU.ActiveCfg = Release|Any CPU
		{0E07DB49-9EB2-4547-9522-7AE11C7DBC05}.Release|Any CPU.Build.0 = Release|Any CPU
	EndGlobalSection
EndGlobal
